// !$*UTF8*$!
{
	archiveVersion = 1;
	classes = {
	};
	objectVersion = 50;
	objects = {

/* Begin PBXBuildFile section */
		E701CA6623B6183D00E60F39 /* AppDelegate.swift in Sources */ = {isa = PBXBuildFile; fileRef = E701CA6523B6183D00E60F39 /* AppDelegate.swift */; };
		E701CA6823B6183D00E60F39 /* SceneDelegate.swift in Sources */ = {isa = PBXBuildFile; fileRef = E701CA6723B6183D00E60F39 /* SceneDelegate.swift */; };
		E701CA6A23B6183D00E60F39 /* ViewController.swift in Sources */ = {isa = PBXBuildFile; fileRef = E701CA6923B6183D00E60F39 /* ViewController.swift */; };
		E701CA6D23B6183D00E60F39 /* Main.storyboard in Resources */ = {isa = PBXBuildFile; fileRef = E701CA6B23B6183D00E60F39 /* Main.storyboard */; };
		E701CA6F23B6184300E60F39 /* Assets.xcassets in Resources */ = {isa = PBXBuildFile; fileRef = E701CA6E23B6184300E60F39 /* Assets.xcassets */; };
		E701CA7223B6184300E60F39 /* LaunchScreen.storyboard in Resources */ = {isa = PBXBuildFile; fileRef = E701CA7023B6184300E60F39 /* LaunchScreen.storyboard */; };
		E701CA7B23B6186200E60F39 /* CoreText.framework in Frameworks */ = {isa = PBXBuildFile; fileRef = E701CA7A23B6186200E60F39 /* CoreText.framework */; };
		E701CA7D23B618E700E60F39 /* CTView.swift in Sources */ = {isa = PBXBuildFile; fileRef = E701CA7C23B618E700E60F39 /* CTView.swift */; };
/* End PBXBuildFile section */

/* Begin PBXFileReference section */
		E701CA6223B6183D00E60F39 /* CoreTextMagazine.app */ = {isa = PBXFileReference; explicitFileType = wrapper.application; includeInIndex = 0; path = CoreTextMagazine.app; sourceTree = BUILT_PRODUCTS_DIR; };
		E701CA6523B6183D00E60F39 /* AppDelegate.swift */ = {isa = PBXFileReference; lastKnownFileType = sourcecode.swift; path = AppDelegate.swift; sourceTree = "<group>"; };
		E701CA6723B6183D00E60F39 /* SceneDelegate.swift */ = {isa = PBXFileReference; lastKnownFileType = sourcecode.swift; path = SceneDelegate.swift; sourceTree = "<group>"; };
		E701CA6923B6183D00E60F39 /* ViewController.swift */ = {isa = PBXFileReference; lastKnownFileType = sourcecode.swift; path = ViewController.swift; sourceTree = "<group>"; };
		E701CA6C23B6183D00E60F39 /* Base */ = {isa = PBXFileReference; lastKnownFileType = file.storyboard; name = Base; path = Base.lproj/Main.storyboard; sourceTree = "<group>"; };
		E701CA6E23B6184300E60F39 /* Assets.xcassets */ = {isa = PBXFileReference; lastKnownFileType = folder.assetcatalog; path = Assets.xcassets; sourceTree = "<group>"; };
		E701CA7123B6184300E60F39 /* Base */ = {isa = PBXFileReference; lastKnownFileType = file.storyboard; name = Base; path = Base.lproj/LaunchScreen.storyboard; sourceTree = "<group>"; };
		E701CA7323B6184300E60F39 /* Info.plist */ = {isa = PBXFileReference; lastKnownFileType = text.plist.xml; path = Info.plist; sourceTree = "<group>"; };
		E701CA7A23B6186200E60F39 /* CoreText.framework */ = {isa = PBXFileReference; lastKnownFileType = wrapper.framework; name = CoreText.framework; path = System/Library/Frameworks/CoreText.framework; sourceTree = SDKROOT; };
		E701CA7C23B618E700E60F39 /* CTView.swift */ = {isa = PBXFileReference; lastKnownFileType = sourcecode.swift; path = CTView.swift; sourceTree = "<group>"; };
/* End PBXFileReference section */

/* Begin PBXFrameworksBuildPhase section */
		E701CA5F23B6183D00E60F39 /* Frameworks */ = {
			isa = PBXFrameworksBuildPhase;
			buildActionMask = 2147483647;
			files = (
				E701CA7B23B6186200E60F39 /* CoreText.framework in Frameworks */,
			);
			runOnlyForDeploymentPostprocessing = 0;
		};
/* End PBXFrameworksBuildPhase section */

/* Begin PBXGroup section */
		E701CA5923B6183D00E60F39 = {
			isa = PBXGroup;
			children = (
				E701CA6423B6183D00E60F39 /* CoreTextMagazine */,
				E701CA6323B6183D00E60F39 /* Products */,
				E701CA7923B6186200E60F39 /* Frameworks */,
			);
			sourceTree = "<group>";
		};
		E701CA6323B6183D00E60F39 /* Products */ = {
			isa = PBXGroup;
			children = (
				E701CA6223B6183D00E60F39 /* CoreTextMagazine.app */,
			);
			name = Products;
			sourceTree = "<group>";
		};
		E701CA6423B6183D00E60F39 /* CoreTextMagazine */ = {
			isa = PBXGroup;
			children = (
				E701CA6523B6183D00E60F39 /* AppDelegate.swift */,
				E701CA6723B6183D00E60F39 /* SceneDelegate.swift */,
				E701CA6923B6183D00E60F39 /* ViewController.swift */,
				E701CA6B23B6183D00E60F39 /* Main.storyboard */,
				E701CA6E23B6184300E60F39 /* Assets.xcassets */,
				E701CA7023B6184300E60F39 /* LaunchScreen.storyboard */,
				E701CA7323B6184300E60F39 /* Info.plist */,
				E701CA7C23B618E700E60F39 /* CTView.swift */,
			);
			path = CoreTextMagazine;
			sourceTree = "<group>";
		};
		E701CA7923B6186200E60F39 /* Frameworks */ = {
			isa = PBXGroup;
			children = (
				E701CA7A23B6186200E60F39 /* CoreText.framework */,
			);
			name = Frameworks;
			sourceTree = "<group>";
		};
/* End PBXGroup section */

/* Begin PBXNativeTarget section */
		E701CA6123B6183D00E60F39 /* CoreTextMagazine */ = {
			isa = PBXNativeTarget;
			buildConfigurationList = E701CA7623B6184300E60F39 /* Build configuration list for PBXNativeTarget "CoreTextMagazine" */;
			buildPhases = (
				E701CA5E23B6183D00E60F39 /* Sources */,
				E701CA5F23B6183D00E60F39 /* Frameworks */,
				E701CA6023B6183D00E60F39 /* Resources */,
			);
			buildRules = (
			);
			dependencies = (
			);
			name = CoreTextMagazine;
			productName = CoreTextMagazine;
			productReference = E701CA6223B6183D00E60F39 /* CoreTextMagazine.app */;
			productType = "com.apple.product-type.application";
		};
/* End PBXNativeTarget section */

/* Begin PBXProject section */
		E701CA5A23B6183D00E60F39 /* Project object */ = {
			isa = PBXProject;
			attributes = {
				LastSwiftUpdateCheck = 1130;
				LastUpgradeCheck = 1130;
				ORGANIZATIONNAME = "Aryan Sharma";
				TargetAttributes = {
					E701CA6123B6183D00E60F39 = {
						CreatedOnToolsVersion = 11.3;
					};
				};
			};
			buildConfigurationList = E701CA5D23B6183D00E60F39 /* Build configuration list for PBXProject "CoreTextMagazine" */;
			compatibilityVersion = "Xcode 9.3";
			developmentRegion = en;
			hasScannedForEncodings = 0;
			knownRegions = (
				en,
				Base,
			);
			mainGroup = E701CA5923B6183D00E60F39;
			productRefGroup = E701CA6323B6183D00E60F39 /* Products */;
			projectDirPath = "";
			projectRoot = "";
			targets = (
				E701CA6123B6183D00E60F39 /* CoreTextMagazine */,
			);
		};
/* End PBXProject section */

/* Begin PBXResourcesBuildPhase section */
		E701CA6023B6183D00E60F39 /* Resources */ = {
			isa = PBXResourcesBuildPhase;
			buildActionMask = 2147483647;
			files = (
				E701CA7223B6184300E60F39 /* LaunchScreen.storyboard in Resources */,
				E701CA6F23B6184300E60F39 /* Assets.xcassets in Resources */,
				E701CA6D23B6183D00E60F39 /* Main.storyboard in Resources */,
			);
			runOnlyForDeploymentPostprocessing = 0;
		};
/* End PBXResourcesBuildPhase section */

/* Begin PBXSourcesBuildPhase section */
		E701CA5E23B6183D00E60F39 /* Sources */ = {
			isa = PBXSourcesBuildPhase;
			buildActionMask = 2147483647;
			files = (
				E701CA6A23B6183D00E60F39 /* ViewController.swift in Sources */,
				E701CA7D23B618E700E60F39 /* CTView.swift in Sources */,
				E701CA6623B6183D00E60F39 /* AppDelegate.swift in Sources */,
				E701CA6823B6183D00E60F39 /* SceneDelegate.swift in Sources */,
			);
			runOnlyForDeploymentPostprocessing = 0;
		};
/* End PBXSourcesBuildPhase section */

/* Begin PBXVariantGroup section */
		E701CA6B23B6183D00E60F39 /* Main.storyboard */ = {
			isa = PBXVariantGroup;
			children = (
				E701CA6C23B6183D00E60F39 /* Base */,
			);
			name = Main.storyboard;
			sourceTree = "<group>";
		};
		E701CA7023B6184300E60F39 /* LaunchScreen.storyboard */ = {
			isa = PBXVariantGroup;
			children = (
				E701CA7123B6184300E60F39 /* Base */,
			);
			name = LaunchScreen.storyboard;
			sourceTree = "<group>";
		};
/* End PBXVariantGroup section */

/* Begin XCBuildConfiguration section */
		E701CA7423B6184300E60F39 /* Debug */ = {
			isa = XCBuildConfiguration;
			buildSettings = {
				ALWAYS_SEARCH_USER_PATHS = NO;
				CLANG_ANALYZER_NONNULL = YES;
				CLANG_ANALYZER_NUMBER_OBJECT_CONVERSION = YES_AGGRESSIVE;
				CLANG_CXX_LANGUAGE_STANDARD = "gnu++14";
				CLANG_CXX_LIBRARY = "libc++";
				CLANG_ENABLE_MODULES = YES;
				CLANG_ENABLE_OBJC_ARC = YES;
				CLANG_ENABLE_OBJC_WEAK = YES;
				CLANG_WARN_BLOCK_CAPTURE_AUTORELEASING = YES;
				CLANG_WARN_BOOL_CONVERSION = YES;
				CLANG_WARN_COMMA = YES;
				CLANG_WARN_CONSTANT_CONVERSION = YES;
				CLANG_WARN_DEPRECATED_OBJC_IMPLEMENTATIONS = YES;
				CLANG_WARN_DIRECT_OBJC_ISA_USAGE = YES_ERROR;
				CLANG_WARN_DOCUMENTATION_COMMENTS = YES;
				CLANG_WARN_EMPTY_BODY = YES;
				CLANG_WARN_ENUM_CONVERSION = YES;
				CLANG_WARN_INFINITE_RECURSION = YES;
				CLANG_WARN_INT_CONVERSION = YES;
				CLANG_WARN_NON_LITERAL_NULL_CONVERSION = YES;
				CLANG_WARN_OBJC_IMPLICIT_RETAIN_SELF = YES;
				CLANG_WARN_OBJC_LITERAL_CONVERSION = YES;
				CLANG_WARN_OBJC_ROOT_CLASS = YES_ERROR;
				CLANG_WARN_RANGE_LOOP_ANALYSIS = YES;
				CLANG_WARN_STRICT_PROTOTYPES = YES;
				CLANG_WARN_SUSPICIOUS_MOVE = YES;
				CLANG_WARN_UNGUARDED_AVAILABILITY = YES_AGGRESSIVE;
				CLANG_WARN_UNREACHABLE_CODE = YES;
				CLANG_WARN__DUPLICATE_METHOD_MATCH = YES;
				COPY_PHASE_STRIP = NO;
				DEBUG_INFORMATION_FORMAT = dwarf;
				ENABLE_STRICT_OBJC_MSGSEND = YES;
				ENABLE_TESTABILITY = YES;
				GCC_C_LANGUAGE_STANDARD = gnu11;
				GCC_DYNAMIC_NO_PIC = NO;
				GCC_NO_COMMON_BLOCKS = YES;
				GCC_OPTIMIZATION_LEVEL = 0;
				GCC_PREPROCESSOR_DEFINITIONS = (
					"DEBUG=1",
					"$(inherited)",
				);
				GCC_WARN_64_TO_32_BIT_CONVERSION = YES;
				GCC_WARN_ABOUT_RETURN_TYPE = YES_ERROR;
				GCC_WARN_UNDECLARED_SELECTOR = YES;
				GCC_WARN_UNINITIALIZED_AUTOS = YES_AGGRESSIVE;
				GCC_WARN_UNUSED_FUNCTION = YES;
				GCC_WARN_UNUSED_VARIABLE = YES;
				IPHONEOS_DEPLOYMENT_TARGET = 13.2;
				MTL_ENABLE_DEBUG_INFO = INCLUDE_SOURCE;
				MTL_FAST_MATH = YES;
				ONLY_ACTIVE_ARCH = YES;
				SDKROOT = iphoneos;
				SWIFT_ACTIVE_COMPILATION_CONDITIONS = DEBUG;
				SWIFT_OPTIMIZATION_LEVEL = "-Onone";
			};
			name = Debug;
		};
		E701CA7523B6184300E60F39 /* Release */ = {
			isa = XCBuildConfiguration;
			buildSettings = {
				ALWAYS_SEARCH_USER_PATHS = NO;
				CLANG_ANALYZER_NONNULL = YES;
				CLANG_ANALYZER_NUMBER_OBJECT_CONVERSION = YES_AGGRESSIVE;
				CLANG_CXX_LANGUAGE_STANDARD = "gnu++14";
				CLANG_CXX_LIBRARY = "libc++";
				CLANG_ENABLE_MODULES = YES;
				CLANG_ENABLE_OBJC_ARC = YES;
				CLANG_ENABLE_OBJC_WEAK = YES;
				CLANG_WARN_BLOCK_CAPTURE_AUTORELEASING = YES;
				CLANG_WARN_BOOL_CONVERSION = YES;
				CLANG_WARN_COMMA = YES;
				CLANG_WARN_CONSTANT_CONVERSION = YES;
				CLANG_WARN_DEPRECATED_OBJC_IMPLEMENTATIONS = YES;
				CLANG_WARN_DIRECT_OBJC_ISA_USAGE = YES_ERROR;
				CLANG_WARN_DOCUMENTATION_COMMENTS = YES;
				CLANG_WARN_EMPTY_BODY = YES;
				CLANG_WARN_ENUM_CONVERSION = YES;
				CLANG_WARN_INFINITE_RECURSION = YES;
				CLANG_WARN_INT_CONVERSION = YES;
				CLANG_WARN_NON_LITERAL_NULL_CONVERSION = YES;
				CLANG_WARN_OBJC_IMPLICIT_RETAIN_SELF = YES;
				CLANG_WARN_OBJC_LITERAL_CONVERSION = YES;
				CLANG_WARN_OBJC_ROOT_CLASS = YES_ERROR;
				CLANG_WARN_RANGE_LOOP_ANALYSIS = YES;
				CLANG_WARN_STRICT_PROTOTYPES = YES;
				CLANG_WARN_SUSPICIOUS_MOVE = YES;
				CLANG_WARN_UNGUARDED_AVAILABILITY = YES_AGGRESSIVE;
				CLANG_WARN_UNREACHABLE_CODE = YES;
				CLANG_WARN__DUPLICATE_METHOD_MATCH = YES;
				COPY_PHASE_STRIP = NO;
				DEBUG_INFORMATION_FORMAT = "dwarf-with-dsym";
				ENABLE_NS_ASSERTIONS = NO;
				ENABLE_STRICT_OBJC_MSGSEND = YES;
				GCC_C_LANGUAGE_STANDARD = gnu11;
				GCC_NO_COMMON_BLOCKS = YES;
				GCC_WARN_64_TO_32_BIT_CONVERSION = YES;
				GCC_WARN_ABOUT_RETURN_TYPE = YES_ERROR;
				GCC_WARN_UNDECLARED_SELECTOR = YES;
				GCC_WARN_UNINITIALIZED_AUTOS = YES_AGGRESSIVE;
				GCC_WARN_UNUSED_FUNCTION = YES;
				GCC_WARN_UNUSED_VARIABLE = YES;
				IPHONEOS_DEPLOYMENT_TARGET = 13.2;
				MTL_ENABLE_DEBUG_INFO = NO;
				MTL_FAST_MATH = YES;
				SDKROOT = iphoneos;
				SWIFT_COMPILATION_MODE = wholemodule;
				SWIFT_OPTIMIZATION_LEVEL = "-O";
				VALIDATE_PRODUCT = YES;
			};
			name = Release;
		};
		E701CA7723B6184300E60F39 /* Debug */ = {
			isa = XCBuildConfiguration;
			buildSettings = {
				ASSETCATALOG_COMPILER_APPICON_NAME = AppIcon;
				CODE_SIGN_STYLE = Automatic;
				DEVELOPMENT_TEAM = 6A84S2YL64;
				INFOPLIST_FILE = CoreTextMagazine/Info.plist;
				LD_RUNPATH_SEARCH_PATHS = (
					"$(inherited)",
					"@executable_path/Frameworks",
				);
				PRODUCT_BUNDLE_IDENTIFIER = com.buildflash.CoreTextMagazine;
				PRODUCT_NAME = "$(TARGET_NAME)";
				SWIFT_VERSION = 5.0;
				TARGETED_DEVICE_FAMILY = "1,2";
			};
			name = Debug;
		};
		E701CA7823B6184300E60F39 /* Release */ = {
			isa = XCBuildConfiguration;
			buildSettings = {
				ASSETCATALOG_COMPILER_APPICON_NAME = AppIcon;
				CODE_SIGN_STYLE = Automatic;
				DEVELOPMENT_TEAM = 6A84S2YL64;
				INFOPLIST_FILE = CoreTextMagazine/Info.plist;
				LD_RUNPATH_SEARCH_PATHS = (
					"$(inherited)",
					"@executable_path/Frameworks",
				);
				PRODUCT_BUNDLE_IDENTIFIER = com.buildflash.CoreTextMagazine;
				PRODUCT_NAME = "$(TARGET_NAME)";
				SWIFT_VERSION = 5.0;
				TARGETED_DEVICE_FAMILY = "1,2";
			};
			name = Release;
		};
/* End XCBuildConfiguration section */

/* Begin XCConfigurationList section */
		E701CA5D23B6183D00E60F39 /* Build configuration list for PBXProject "CoreTextMagazine" */ = {
			isa = XCConfigurationList;
			buildConfigurations = (
				E701CA7423B6184300E60F39 /* Debug */,
				E701CA7523B6184300E60F39 /* Release */,
			);
			defaultConfigurationIsVisible = 0;
			defaultConfigurationName = Release;
		};
		E701CA7623B6184300E60F39 /* Build configuration list for PBXNativeTarget "CoreTextMagazine" */ = {
			isa = XCConfigurationList;
			buildConfigurations = (
				E701CA7723B6184300E60F39 /* Debug */,
				E701CA7823B6184300E60F39 /* Release */,
			);
			defaultConfigurationIsVisible = 0;
			defaultConfigurationName = Release;
		};
/* End XCConfigurationList section */
	};
	rootObject = E701CA5A23B6183D00E60F39 /* Project object */;
}
